{
    "name": "@helsingborg-stad/wpmu-security",
    "version": "0.5.3",
    "lockfileVersion": 3,
    "requires": true,
    "packages": {
        "": {
            "name": "@helsingborg-stad/wpmu-security",
            "version": "0.5.3",
            "devDependencies": [],
            "license": "MIT"
        }
    }
}
